
Microsoft Visual Studio Solution File, Format Version 12.00
# Visual Studio Version 16
VisualStudioVersion = 16.0.30011.22
MinimumVisualStudioVersion = 10.0.40219.1
Project("{FAE04EC0-301F-11D3-BF4B-00C04F79EFBC}") = "ReactApiNetEDMX.Store", "ReactApiNetEDMX.Store\ReactApiNetEDMX.Store.csproj", "{FBBFA8BB-DD7B-4621-98C1-ABCDF93C071F}"
EndProject
Project("{9A19103F-16F7-4668-BE54-9A1E7A4F7556}") = "ReactApiNetEDMX", "ReactApiNetEDMX\ReactApiNetEDMX.csproj", "{DE8FE2AD-8D0F-4682-BC42-AAB8F4CEF094}"
EndProject
Project("{FAE04EC0-301F-11D3-BF4B-00C04F79EFBC}") = "ReactApiNetEDMX.UnitTest", "ReactApiNetEDMX.UnitTest\ReactApiNetEDMX.UnitTest.csproj", "{77E8E45D-699C-4A13-BE78-9CB0362AF94C}"
EndProject
Global
	GlobalSection(SolutionConfigurationPlatforms) = preSolution
		Debug|Any CPU = Debug|Any CPU
		Release|Any CPU = Release|Any CPU
	EndGlobalSection
	GlobalSection(ProjectConfigurationPlatforms) = postSolution
		{FBBFA8BB-DD7B-4621-98C1-ABCDF93C071F}.Debug|Any CPU.ActiveCfg = Debug|Any CPU
		{FBBFA8BB-DD7B-4621-98C1-ABCDF93C071F}.Debug|Any CPU.Build.0 = Debug|Any CPU
		{FBBFA8BB-DD7B-4621-98C1-ABCDF93C071F}.Release|Any CPU.ActiveCfg = Release|Any CPU
		{FBBFA8BB-DD7B-4621-98C1-ABCDF93C071F}.Release|Any CPU.Build.0 = Release|Any CPU
		{DE8FE2AD-8D0F-4682-BC42-AAB8F4CEF094}.Debug|Any CPU.ActiveCfg = Debug|Any CPU
		{DE8FE2AD-8D0F-4682-BC42-AAB8F4CEF094}.Debug|Any CPU.Build.0 = Debug|Any CPU
		{DE8FE2AD-8D0F-4682-BC42-AAB8F4CEF094}.Release|Any CPU.ActiveCfg = Release|Any CPU
		{DE8FE2AD-8D0F-4682-BC42-AAB8F4CEF094}.Release|Any CPU.Build.0 = Release|Any CPU
		{77E8E45D-699C-4A13-BE78-9CB0362AF94C}.Debug|Any CPU.ActiveCfg = Debug|Any CPU
		{77E8E45D-699C-4A13-BE78-9CB0362AF94C}.Debug|Any CPU.Build.0 = Debug|Any CPU
		{77E8E45D-699C-4A13-BE78-9CB0362AF94C}.Release|Any CPU.ActiveCfg = Release|Any CPU
		{77E8E45D-699C-4A13-BE78-9CB0362AF94C}.Release|Any CPU.Build.0 = Release|Any CPU
	EndGlobalSection
	GlobalSection(SolutionProperties) = preSolution
		HideSolutionNode = FALSE
	EndGlobalSection
	GlobalSection(ExtensibilityGlobals) = postSolution
		SolutionGuid = {7FAC5CB2-6502-467B-8435-3D37116711CE}
	EndGlobalSection
EndGlobal
